// !$*UTF8*$!
{
	archiveVersion = 1;
	classes = {
	};
	objectVersion = 52;
	objects = {

/* Begin PBXBuildFile section */
		44238C75249B792F00DCE83A /* DetailIssueViewController.swift in Sources */ = {isa = PBXBuildFile; fileRef = 44238C74249B792F00DCE83A /* DetailIssueViewController.swift */; };
		443DE7E924935E4E00308A7B /* SignUpInfo.swift in Sources */ = {isa = PBXBuildFile; fileRef = 443DE7E824935E4E00308A7B /* SignUpInfo.swift */; };
		443DE7EB24935F6F00308A7B /* SignInInfo.swift in Sources */ = {isa = PBXBuildFile; fileRef = 443DE7EA24935F6F00308A7B /* SignInInfo.swift */; };
		443DE7EE24939AF900308A7B /* ResponseComponents.swift in Sources */ = {isa = PBXBuildFile; fileRef = 443DE7ED24939AF900308A7B /* ResponseComponents.swift */; };
		443DE7F024939B1200308A7B /* RequestComponents.swift in Sources */ = {isa = PBXBuildFile; fileRef = 443DE7EF24939B1200308A7B /* RequestComponents.swift */; };
		443DE7F224939B9C00308A7B /* SignUpUseCase.swift in Sources */ = {isa = PBXBuildFile; fileRef = 443DE7F124939B9C00308A7B /* SignUpUseCase.swift */; };
		443DE7F42493A70800308A7B /* SignInUseCase.swift in Sources */ = {isa = PBXBuildFile; fileRef = 443DE7F32493A70800308A7B /* SignInUseCase.swift */; };
		444BAF3324A0D6A1005431EB /* IssueInfo.swift in Sources */ = {isa = PBXBuildFile; fileRef = 444BAF3224A0D6A1005431EB /* IssueInfo.swift */; };
		444BAF3524A0E82D005431EB /* DetailIssueUseCase.swift in Sources */ = {isa = PBXBuildFile; fileRef = 444BAF3424A0E82D005431EB /* DetailIssueUseCase.swift */; };
		444CD62824A0AC57003767FE /* DetailIssueCollectionViewCell.swift in Sources */ = {isa = PBXBuildFile; fileRef = 444CD62724A0AC57003767FE /* DetailIssueCollectionViewCell.swift */; };
		444CD62A24A0ADE4003767FE /* DetailIssueCollectionViewDataSource.swift in Sources */ = {isa = PBXBuildFile; fileRef = 444CD62924A0ADE4003767FE /* DetailIssueCollectionViewDataSource.swift */; };
		445BD2472498A3B300DBC485 /* IssueViewModel.swift in Sources */ = {isa = PBXBuildFile; fileRef = 445BD2462498A3B300DBC485 /* IssueViewModel.swift */; };
		445BD2492498E93100DBC485 /* IssueNetworkingComponents.swift in Sources */ = {isa = PBXBuildFile; fileRef = 445BD2482498E93100DBC485 /* IssueNetworkingComponents.swift */; };
		445BD24B2498F3F000DBC485 /* DateFormatterExtension.swift in Sources */ = {isa = PBXBuildFile; fileRef = 445BD24A2498F3F000DBC485 /* DateFormatterExtension.swift */; };
		445BD24D2498F40400DBC485 /* CalendarExtension.swift in Sources */ = {isa = PBXBuildFile; fileRef = 445BD24C2498F40400DBC485 /* CalendarExtension.swift */; };
		4484801524920527007AEFEC /* SignUpViewController.swift in Sources */ = {isa = PBXBuildFile; fileRef = 4484801424920527007AEFEC /* SignUpViewController.swift */; };
		44848018249243C6007AEFEC /* Alamofire in Frameworks */ = {isa = PBXBuildFile; productRef = 44848017249243C6007AEFEC /* Alamofire */; };
		4484801A24925D88007AEFEC /* SignUpResponse.swift in Sources */ = {isa = PBXBuildFile; fileRef = 4484801924925D88007AEFEC /* SignUpResponse.swift */; };
		44E5CEA8248F56E9001A46AE /* InputStackView.swift in Sources */ = {isa = PBXBuildFile; fileRef = 44E5CEA7248F56E9001A46AE /* InputStackView.swift */; };
		A5012D142494F3670027E192 /* BorderLabel.swift in Sources */ = {isa = PBXBuildFile; fileRef = A5012D132494F3670027E192 /* BorderLabel.swift */; };
		A513C51124979B8A00818C04 /* Issue.swift in Sources */ = {isa = PBXBuildFile; fileRef = A513C51024979B8A00818C04 /* Issue.swift */; };
		A513C51324979CBC00818C04 /* IssueListUseCase.swift in Sources */ = {isa = PBXBuildFile; fileRef = A513C51224979CBC00818C04 /* IssueListUseCase.swift */; };
		A513C5152497B54400818C04 /* UIColorExtension.swift in Sources */ = {isa = PBXBuildFile; fileRef = A513C5142497B54400818C04 /* UIColorExtension.swift */; };
		A516C5D824952285008D3DF2 /* IssueTableViewCell.swift in Sources */ = {isa = PBXBuildFile; fileRef = A516C5D724952285008D3DF2 /* IssueTableViewCell.swift */; };
		A516C5DA249524EC008D3DF2 /* LabelCollectionViewCell.swift in Sources */ = {isa = PBXBuildFile; fileRef = A516C5D9249524EC008D3DF2 /* LabelCollectionViewCell.swift */; };
		A516C5DC24952658008D3DF2 /* LabelCollectionViewDataSource.swift in Sources */ = {isa = PBXBuildFile; fileRef = A516C5DB24952658008D3DF2 /* LabelCollectionViewDataSource.swift */; };
		A516C5DE2495277D008D3DF2 /* IssueTableViewDataSource.swift in Sources */ = {isa = PBXBuildFile; fileRef = A516C5DD2495277D008D3DF2 /* IssueTableViewDataSource.swift */; };
		A516C5E02495287B008D3DF2 /* LabelLayout.swift in Sources */ = {isa = PBXBuildFile; fileRef = A516C5DF2495287B008D3DF2 /* LabelLayout.swift */; };
		A51A1D5A248F26C1005262DF /* AppDelegate.swift in Sources */ = {isa = PBXBuildFile; fileRef = A51A1D59248F26C1005262DF /* AppDelegate.swift */; };
		A51A1D5C248F26C1005262DF /* SceneDelegate.swift in Sources */ = {isa = PBXBuildFile; fileRef = A51A1D5B248F26C1005262DF /* SceneDelegate.swift */; };
		A51A1D5E248F26C1005262DF /* LoginViewController.swift in Sources */ = {isa = PBXBuildFile; fileRef = A51A1D5D248F26C1005262DF /* LoginViewController.swift */; };
		A51A1D61248F26C1005262DF /* Main.storyboard in Resources */ = {isa = PBXBuildFile; fileRef = A51A1D5F248F26C1005262DF /* Main.storyboard */; };
		A51A1D63248F26C3005262DF /* Assets.xcassets in Resources */ = {isa = PBXBuildFile; fileRef = A51A1D62248F26C3005262DF /* Assets.xcassets */; };
		A51A1D66248F26C3005262DF /* LaunchScreen.storyboard in Resources */ = {isa = PBXBuildFile; fileRef = A51A1D64248F26C3005262DF /* LaunchScreen.storyboard */; };
		A51A1D6F248F3004005262DF /* BorderView.swift in Sources */ = {isa = PBXBuildFile; fileRef = A51A1D6E248F3004005262DF /* BorderView.swift */; };
		A51A1D71248F383D005262DF /* BorderButton.swift in Sources */ = {isa = PBXBuildFile; fileRef = A51A1D70248F383D005262DF /* BorderButton.swift */; };
		A51ACB10249A55CB004C0447 /* AppleLoginCertification.swift in Sources */ = {isa = PBXBuildFile; fileRef = A51ACB0F249A55CB004C0447 /* AppleLoginCertification.swift */; };
		A54A873B248F7F3000A81604 /* SignInViewModel.swift in Sources */ = {isa = PBXBuildFile; fileRef = A54A873A248F7F3000A81604 /* SignInViewModel.swift */; };
		A54A873E248FB98F00A81604 /* Dynamic.swift in Sources */ = {isa = PBXBuildFile; fileRef = A54A873D248FB98F00A81604 /* Dynamic.swift */; };
		A57F63552492154A0083051A /* SignUpViewModel.swift in Sources */ = {isa = PBXBuildFile; fileRef = A57F63542492154A0083051A /* SignUpViewModel.swift */; };
		A57F635D24921BF10083051A /* SignUpTests.swift in Sources */ = {isa = PBXBuildFile; fileRef = A57F635C24921BF10083051A /* SignUpTests.swift */; };
		A57F6366249261710083051A /* UserCertification.swift in Sources */ = {isa = PBXBuildFile; fileRef = A57F6365249261710083051A /* UserCertification.swift */; };
		A57F6368249262580083051A /* SignInResponse.swift in Sources */ = {isa = PBXBuildFile; fileRef = A57F6367249262580083051A /* SignInResponse.swift */; };
		A57F636B249264670083051A /* IssueListViewController.swift in Sources */ = {isa = PBXBuildFile; fileRef = A57F636A249264670083051A /* IssueListViewController.swift */; };
		A5B1AA3A249C98AB008B166F /* SettingViewController.swift in Sources */ = {isa = PBXBuildFile; fileRef = A5B1AA39249C98AB008B166F /* SettingViewController.swift */; };
		A5B1AA3C249C9AB1008B166F /* TokenDecoder.swift in Sources */ = {isa = PBXBuildFile; fileRef = A5B1AA3B249C9AB1008B166F /* TokenDecoder.swift */; };
		A5BC41D32491163C00F094CF /* EndPoint.swift in Sources */ = {isa = PBXBuildFile; fileRef = A5BC41D22491163C00F094CF /* EndPoint.swift */; };
		A5BC41D724911A7100F094CF /* OAuthManager.swift in Sources */ = {isa = PBXBuildFile; fileRef = A5BC41D624911A7100F094CF /* OAuthManager.swift */; };
		A5BC41D92491F37800F094CF /* NetworkManager.swift in Sources */ = {isa = PBXBuildFile; fileRef = A5BC41D82491F37800F094CF /* NetworkManager.swift */; };
		A5BC41DC2491F48600F094CF /* UIViewControllerExtension.swift in Sources */ = {isa = PBXBuildFile; fileRef = A5BC41DB2491F48600F094CF /* UIViewControllerExtension.swift */; };
/* End PBXBuildFile section */

/* Begin PBXContainerItemProxy section */
		A57F635F24921BF10083051A /* PBXContainerItemProxy */ = {
			isa = PBXContainerItemProxy;
			containerPortal = A51A1D4E248F26C1005262DF /* Project object */;
			proxyType = 1;
			remoteGlobalIDString = A51A1D55248F26C1005262DF;
			remoteInfo = IssueTracker;
		};
/* End PBXContainerItemProxy section */

/* Begin PBXFileReference section */
		44238C74249B792F00DCE83A /* DetailIssueViewController.swift */ = {isa = PBXFileReference; lastKnownFileType = sourcecode.swift; path = DetailIssueViewController.swift; sourceTree = "<group>"; };
		443DE7E824935E4E00308A7B /* SignUpInfo.swift */ = {isa = PBXFileReference; lastKnownFileType = sourcecode.swift; path = SignUpInfo.swift; sourceTree = "<group>"; };
		443DE7EA24935F6F00308A7B /* SignInInfo.swift */ = {isa = PBXFileReference; lastKnownFileType = sourcecode.swift; path = SignInInfo.swift; sourceTree = "<group>"; };
		443DE7ED24939AF900308A7B /* ResponseComponents.swift */ = {isa = PBXFileReference; lastKnownFileType = sourcecode.swift; path = ResponseComponents.swift; sourceTree = "<group>"; };
		443DE7EF24939B1200308A7B /* RequestComponents.swift */ = {isa = PBXFileReference; lastKnownFileType = sourcecode.swift; path = RequestComponents.swift; sourceTree = "<group>"; };
		443DE7F124939B9C00308A7B /* SignUpUseCase.swift */ = {isa = PBXFileReference; lastKnownFileType = sourcecode.swift; path = SignUpUseCase.swift; sourceTree = "<group>"; };
		443DE7F32493A70800308A7B /* SignInUseCase.swift */ = {isa = PBXFileReference; lastKnownFileType = sourcecode.swift; path = SignInUseCase.swift; sourceTree = "<group>"; };
		444BAF3224A0D6A1005431EB /* IssueInfo.swift */ = {isa = PBXFileReference; lastKnownFileType = sourcecode.swift; path = IssueInfo.swift; sourceTree = "<group>"; };
		444BAF3424A0E82D005431EB /* DetailIssueUseCase.swift */ = {isa = PBXFileReference; lastKnownFileType = sourcecode.swift; path = DetailIssueUseCase.swift; sourceTree = "<group>"; };
		444CD62724A0AC57003767FE /* DetailIssueCollectionViewCell.swift */ = {isa = PBXFileReference; lastKnownFileType = sourcecode.swift; path = DetailIssueCollectionViewCell.swift; sourceTree = "<group>"; };
		444CD62924A0ADE4003767FE /* DetailIssueCollectionViewDataSource.swift */ = {isa = PBXFileReference; lastKnownFileType = sourcecode.swift; path = DetailIssueCollectionViewDataSource.swift; sourceTree = "<group>"; };
		445BD2462498A3B300DBC485 /* IssueViewModel.swift */ = {isa = PBXFileReference; lastKnownFileType = sourcecode.swift; path = IssueViewModel.swift; sourceTree = "<group>"; };
		445BD2482498E93100DBC485 /* IssueNetworkingComponents.swift */ = {isa = PBXFileReference; lastKnownFileType = sourcecode.swift; path = IssueNetworkingComponents.swift; sourceTree = "<group>"; };
		445BD24A2498F3F000DBC485 /* DateFormatterExtension.swift */ = {isa = PBXFileReference; lastKnownFileType = sourcecode.swift; path = DateFormatterExtension.swift; sourceTree = "<group>"; };
		445BD24C2498F40400DBC485 /* CalendarExtension.swift */ = {isa = PBXFileReference; lastKnownFileType = sourcecode.swift; path = CalendarExtension.swift; sourceTree = "<group>"; };
		4484801424920527007AEFEC /* SignUpViewController.swift */ = {isa = PBXFileReference; lastKnownFileType = sourcecode.swift; path = SignUpViewController.swift; sourceTree = "<group>"; };
		4484801924925D88007AEFEC /* SignUpResponse.swift */ = {isa = PBXFileReference; lastKnownFileType = sourcecode.swift; path = SignUpResponse.swift; sourceTree = "<group>"; };
		44E5CEA7248F56E9001A46AE /* InputStackView.swift */ = {isa = PBXFileReference; lastKnownFileType = sourcecode.swift; path = InputStackView.swift; sourceTree = "<group>"; };
		A5012D132494F3670027E192 /* BorderLabel.swift */ = {isa = PBXFileReference; lastKnownFileType = sourcecode.swift; path = BorderLabel.swift; sourceTree = "<group>"; };
		A513C51024979B8A00818C04 /* Issue.swift */ = {isa = PBXFileReference; lastKnownFileType = sourcecode.swift; path = Issue.swift; sourceTree = "<group>"; };
		A513C51224979CBC00818C04 /* IssueListUseCase.swift */ = {isa = PBXFileReference; lastKnownFileType = sourcecode.swift; path = IssueListUseCase.swift; sourceTree = "<group>"; };
		A513C5142497B54400818C04 /* UIColorExtension.swift */ = {isa = PBXFileReference; lastKnownFileType = sourcecode.swift; path = UIColorExtension.swift; sourceTree = "<group>"; };
		A516C5D724952285008D3DF2 /* IssueTableViewCell.swift */ = {isa = PBXFileReference; lastKnownFileType = sourcecode.swift; path = IssueTableViewCell.swift; sourceTree = "<group>"; };
		A516C5D9249524EC008D3DF2 /* LabelCollectionViewCell.swift */ = {isa = PBXFileReference; lastKnownFileType = sourcecode.swift; path = LabelCollectionViewCell.swift; sourceTree = "<group>"; };
		A516C5DB24952658008D3DF2 /* LabelCollectionViewDataSource.swift */ = {isa = PBXFileReference; lastKnownFileType = sourcecode.swift; path = LabelCollectionViewDataSource.swift; sourceTree = "<group>"; };
		A516C5DD2495277D008D3DF2 /* IssueTableViewDataSource.swift */ = {isa = PBXFileReference; lastKnownFileType = sourcecode.swift; path = IssueTableViewDataSource.swift; sourceTree = "<group>"; };
		A516C5DF2495287B008D3DF2 /* LabelLayout.swift */ = {isa = PBXFileReference; lastKnownFileType = sourcecode.swift; path = LabelLayout.swift; sourceTree = "<group>"; };
		A51A1D56248F26C1005262DF /* IssueTracker.app */ = {isa = PBXFileReference; explicitFileType = wrapper.application; includeInIndex = 0; path = IssueTracker.app; sourceTree = BUILT_PRODUCTS_DIR; };
		A51A1D59248F26C1005262DF /* AppDelegate.swift */ = {isa = PBXFileReference; lastKnownFileType = sourcecode.swift; path = AppDelegate.swift; sourceTree = "<group>"; };
		A51A1D5B248F26C1005262DF /* SceneDelegate.swift */ = {isa = PBXFileReference; lastKnownFileType = sourcecode.swift; path = SceneDelegate.swift; sourceTree = "<group>"; };
		A51A1D5D248F26C1005262DF /* LoginViewController.swift */ = {isa = PBXFileReference; lastKnownFileType = sourcecode.swift; path = LoginViewController.swift; sourceTree = "<group>"; };
		A51A1D60248F26C1005262DF /* Base */ = {isa = PBXFileReference; lastKnownFileType = file.storyboard; name = Base; path = Base.lproj/Main.storyboard; sourceTree = "<group>"; };
		A51A1D62248F26C3005262DF /* Assets.xcassets */ = {isa = PBXFileReference; lastKnownFileType = folder.assetcatalog; path = Assets.xcassets; sourceTree = "<group>"; };
		A51A1D65248F26C3005262DF /* Base */ = {isa = PBXFileReference; lastKnownFileType = file.storyboard; name = Base; path = Base.lproj/LaunchScreen.storyboard; sourceTree = "<group>"; };
		A51A1D67248F26C3005262DF /* Info.plist */ = {isa = PBXFileReference; lastKnownFileType = text.plist.xml; path = Info.plist; sourceTree = "<group>"; };
		A51A1D6E248F3004005262DF /* BorderView.swift */ = {isa = PBXFileReference; lastKnownFileType = sourcecode.swift; path = BorderView.swift; sourceTree = "<group>"; };
		A51A1D70248F383D005262DF /* BorderButton.swift */ = {isa = PBXFileReference; lastKnownFileType = sourcecode.swift; path = BorderButton.swift; sourceTree = "<group>"; };
		A51ACB0E249A4CDA004C0447 /* IssueTracker.entitlements */ = {isa = PBXFileReference; lastKnownFileType = text.plist.entitlements; path = IssueTracker.entitlements; sourceTree = "<group>"; };
		A51ACB0F249A55CB004C0447 /* AppleLoginCertification.swift */ = {isa = PBXFileReference; lastKnownFileType = sourcecode.swift; path = AppleLoginCertification.swift; sourceTree = "<group>"; };
		A54A873A248F7F3000A81604 /* SignInViewModel.swift */ = {isa = PBXFileReference; lastKnownFileType = sourcecode.swift; path = SignInViewModel.swift; sourceTree = "<group>"; };
		A54A873D248FB98F00A81604 /* Dynamic.swift */ = {isa = PBXFileReference; lastKnownFileType = sourcecode.swift; path = Dynamic.swift; sourceTree = "<group>"; };
		A57F63542492154A0083051A /* SignUpViewModel.swift */ = {isa = PBXFileReference; lastKnownFileType = sourcecode.swift; path = SignUpViewModel.swift; sourceTree = "<group>"; };
		A57F635A24921BF10083051A /* SignUpTests.xctest */ = {isa = PBXFileReference; explicitFileType = wrapper.cfbundle; includeInIndex = 0; path = SignUpTests.xctest; sourceTree = BUILT_PRODUCTS_DIR; };
		A57F635C24921BF10083051A /* SignUpTests.swift */ = {isa = PBXFileReference; lastKnownFileType = sourcecode.swift; path = SignUpTests.swift; sourceTree = "<group>"; };
		A57F635E24921BF10083051A /* Info.plist */ = {isa = PBXFileReference; lastKnownFileType = text.plist.xml; path = Info.plist; sourceTree = "<group>"; };
		A57F6365249261710083051A /* UserCertification.swift */ = {isa = PBXFileReference; lastKnownFileType = sourcecode.swift; path = UserCertification.swift; sourceTree = "<group>"; };
		A57F6367249262580083051A /* SignInResponse.swift */ = {isa = PBXFileReference; lastKnownFileType = sourcecode.swift; path = SignInResponse.swift; sourceTree = "<group>"; };
		A57F636A249264670083051A /* IssueListViewController.swift */ = {isa = PBXFileReference; lastKnownFileType = sourcecode.swift; path = IssueListViewController.swift; sourceTree = "<group>"; };
		A5B1AA39249C98AB008B166F /* SettingViewController.swift */ = {isa = PBXFileReference; lastKnownFileType = sourcecode.swift; path = SettingViewController.swift; sourceTree = "<group>"; };
		A5B1AA3B249C9AB1008B166F /* TokenDecoder.swift */ = {isa = PBXFileReference; lastKnownFileType = sourcecode.swift; path = TokenDecoder.swift; sourceTree = "<group>"; };
		A5BC41D22491163C00F094CF /* EndPoint.swift */ = {isa = PBXFileReference; lastKnownFileType = sourcecode.swift; path = EndPoint.swift; sourceTree = "<group>"; };
		A5BC41D624911A7100F094CF /* OAuthManager.swift */ = {isa = PBXFileReference; lastKnownFileType = sourcecode.swift; path = OAuthManager.swift; sourceTree = "<group>"; };
		A5BC41D82491F37800F094CF /* NetworkManager.swift */ = {isa = PBXFileReference; lastKnownFileType = sourcecode.swift; path = NetworkManager.swift; sourceTree = "<group>"; };
		A5BC41DB2491F48600F094CF /* UIViewControllerExtension.swift */ = {isa = PBXFileReference; lastKnownFileType = sourcecode.swift; path = UIViewControllerExtension.swift; sourceTree = "<group>"; };
/* End PBXFileReference section */

/* Begin PBXFrameworksBuildPhase section */
		A51A1D53248F26C1005262DF /* Frameworks */ = {
			isa = PBXFrameworksBuildPhase;
			buildActionMask = 2147483647;
			files = (
				44848018249243C6007AEFEC /* Alamofire in Frameworks */,
			);
			runOnlyForDeploymentPostprocessing = 0;
		};
		A57F635724921BF10083051A /* Frameworks */ = {
			isa = PBXFrameworksBuildPhase;
			buildActionMask = 2147483647;
			files = (
			);
			runOnlyForDeploymentPostprocessing = 0;
		};
/* End PBXFrameworksBuildPhase section */

/* Begin PBXGroup section */
		44238C73249B791000DCE83A /* DetailIssue */ = {
			isa = PBXGroup;
			children = (
				44238C74249B792F00DCE83A /* DetailIssueViewController.swift */,
				444CD62924A0ADE4003767FE /* DetailIssueCollectionViewDataSource.swift */,
				444CD62724A0AC57003767FE /* DetailIssueCollectionViewCell.swift */,
				444BAF3424A0E82D005431EB /* DetailIssueUseCase.swift */,
			);
			path = DetailIssue;
			sourceTree = "<group>";
		};
		443DE7EC24939AC300308A7B /* Network */ = {
			isa = PBXGroup;
			children = (
				A5BC41D22491163C00F094CF /* EndPoint.swift */,
				A5BC41D624911A7100F094CF /* OAuthManager.swift */,
				A5BC41D82491F37800F094CF /* NetworkManager.swift */,
				443DE7EF24939B1200308A7B /* RequestComponents.swift */,
				443DE7ED24939AF900308A7B /* ResponseComponents.swift */,
			);
			path = Network;
			sourceTree = "<group>";
		};
		44848013249204F7007AEFEC /* SignUp */ = {
			isa = PBXGroup;
			children = (
				4484801424920527007AEFEC /* SignUpViewController.swift */,
				A57F63542492154A0083051A /* SignUpViewModel.swift */,
				443DE7E824935E4E00308A7B /* SignUpInfo.swift */,
				4484801924925D88007AEFEC /* SignUpResponse.swift */,
				443DE7F124939B9C00308A7B /* SignUpUseCase.swift */,
			);
			path = SignUp;
			sourceTree = "<group>";
		};
		44E5CEA6248F5692001A46AE /* Login */ = {
			isa = PBXGroup;
			children = (
				A51A1D5D248F26C1005262DF /* LoginViewController.swift */,
				44E5CEA7248F56E9001A46AE /* InputStackView.swift */,
				A54A873A248F7F3000A81604 /* SignInViewModel.swift */,
				443DE7EA24935F6F00308A7B /* SignInInfo.swift */,
				443DE7F32493A70800308A7B /* SignInUseCase.swift */,
			);
			path = Login;
			sourceTree = "<group>";
		};
		A516C5E12495298F008D3DF2 /* IssueTableView */ = {
			isa = PBXGroup;
			children = (
				A516C5E2249529A4008D3DF2 /* LabelCollectionView */,
				A516C5D724952285008D3DF2 /* IssueTableViewCell.swift */,
				445BD2462498A3B300DBC485 /* IssueViewModel.swift */,
				A516C5DD2495277D008D3DF2 /* IssueTableViewDataSource.swift */,
			);
			path = IssueTableView;
			sourceTree = "<group>";
		};
		A516C5E2249529A4008D3DF2 /* LabelCollectionView */ = {
			isa = PBXGroup;
			children = (
				A516C5D9249524EC008D3DF2 /* LabelCollectionViewCell.swift */,
				A516C5DB24952658008D3DF2 /* LabelCollectionViewDataSource.swift */,
				A516C5DF2495287B008D3DF2 /* LabelLayout.swift */,
			);
			path = LabelCollectionView;
			sourceTree = "<group>";
		};
		A51A1D4D248F26C1005262DF = {
			isa = PBXGroup;
			children = (
				A51A1D58248F26C1005262DF /* IssueTracker */,
				A57F635B24921BF10083051A /* SignUpTests */,
				A51A1D57248F26C1005262DF /* Products */,
			);
			sourceTree = "<group>";
		};
		A51A1D57248F26C1005262DF /* Products */ = {
			isa = PBXGroup;
			children = (
				A51A1D56248F26C1005262DF /* IssueTracker.app */,
				A57F635A24921BF10083051A /* SignUpTests.xctest */,
			);
			name = Products;
			sourceTree = "<group>";
		};
		A51A1D58248F26C1005262DF /* IssueTracker */ = {
			isa = PBXGroup;
			children = (
				A51ACB0E249A4CDA004C0447 /* IssueTracker.entitlements */,
				A5B1AA38249C9899008B166F /* Setting */,
				44238C73249B791000DCE83A /* DetailIssue */,
				A57F6369249264580083051A /* IssueList */,
				A5BC41DA2491F46900F094CF /* Extension */,
				A54A873C248FB97E00A81604 /* Model */,
				A51A1D59248F26C1005262DF /* AppDelegate.swift */,
				A51A1D5B248F26C1005262DF /* SceneDelegate.swift */,
				A51A1D6D248F2FE8005262DF /* CustomView */,
				44E5CEA6248F5692001A46AE /* Login */,
				44848013249204F7007AEFEC /* SignUp */,
				A51A1D5F248F26C1005262DF /* Main.storyboard */,
				A51A1D62248F26C3005262DF /* Assets.xcassets */,
				A51A1D64248F26C3005262DF /* LaunchScreen.storyboard */,
				A51A1D67248F26C3005262DF /* Info.plist */,
			);
			path = IssueTracker;
			sourceTree = "<group>";
		};
		A51A1D6D248F2FE8005262DF /* CustomView */ = {
			isa = PBXGroup;
			children = (
				A51A1D6E248F3004005262DF /* BorderView.swift */,
				A51A1D70248F383D005262DF /* BorderButton.swift */,
				A5012D132494F3670027E192 /* BorderLabel.swift */,
			);
			path = CustomView;
			sourceTree = "<group>";
		};
		A54A873C248FB97E00A81604 /* Model */ = {
			isa = PBXGroup;
			children = (
				A54A873D248FB98F00A81604 /* Dynamic.swift */,
				A57F6365249261710083051A /* UserCertification.swift */,
				A57F6367249262580083051A /* SignInResponse.swift */,
				444BAF3224A0D6A1005431EB /* IssueInfo.swift */,
				443DE7EC24939AC300308A7B /* Network */,
				A513C51024979B8A00818C04 /* Issue.swift */,
				A51ACB0F249A55CB004C0447 /* AppleLoginCertification.swift */,
			);
			path = Model;
			sourceTree = "<group>";
		};
		A57F635B24921BF10083051A /* SignUpTests */ = {
			isa = PBXGroup;
			children = (
				A57F635C24921BF10083051A /* SignUpTests.swift */,
				A57F635E24921BF10083051A /* Info.plist */,
			);
			path = SignUpTests;
			sourceTree = "<group>";
		};
		A57F6369249264580083051A /* IssueList */ = {
			isa = PBXGroup;
			children = (
				A516C5E12495298F008D3DF2 /* IssueTableView */,
				A57F636A249264670083051A /* IssueListViewController.swift */,
				A513C51224979CBC00818C04 /* IssueListUseCase.swift */,
				445BD2482498E93100DBC485 /* IssueNetworkingComponents.swift */,
			);
			path = IssueList;
			sourceTree = "<group>";
		};
		A5B1AA38249C9899008B166F /* Setting */ = {
			isa = PBXGroup;
			children = (
				A5B1AA39249C98AB008B166F /* SettingViewController.swift */,
				A5B1AA3B249C9AB1008B166F /* TokenDecoder.swift */,
			);
			path = Setting;
			sourceTree = "<group>";
		};
		A5BC41DA2491F46900F094CF /* Extension */ = {
			isa = PBXGroup;
			children = (
				A5BC41DB2491F48600F094CF /* UIViewControllerExtension.swift */,
				445BD24A2498F3F000DBC485 /* DateFormatterExtension.swift */,
				445BD24C2498F40400DBC485 /* CalendarExtension.swift */,
				A513C5142497B54400818C04 /* UIColorExtension.swift */,
			);
			path = Extension;
			sourceTree = "<group>";
		};
/* End PBXGroup section */

/* Begin PBXNativeTarget section */
		A51A1D55248F26C1005262DF /* IssueTracker */ = {
			isa = PBXNativeTarget;
			buildConfigurationList = A51A1D6A248F26C3005262DF /* Build configuration list for PBXNativeTarget "IssueTracker" */;
			buildPhases = (
				A51A1D52248F26C1005262DF /* Sources */,
				A51A1D53248F26C1005262DF /* Frameworks */,
				A51A1D54248F26C1005262DF /* Resources */,
			);
			buildRules = (
			);
			dependencies = (
			);
			name = IssueTracker;
			packageProductDependencies = (
				44848017249243C6007AEFEC /* Alamofire */,
			);
			productName = IssueTracker;
			productReference = A51A1D56248F26C1005262DF /* IssueTracker.app */;
			productType = "com.apple.product-type.application";
		};
		A57F635924921BF10083051A /* SignUpTests */ = {
			isa = PBXNativeTarget;
			buildConfigurationList = A57F636124921BF10083051A /* Build configuration list for PBXNativeTarget "SignUpTests" */;
			buildPhases = (
				A57F635624921BF10083051A /* Sources */,
				A57F635724921BF10083051A /* Frameworks */,
				A57F635824921BF10083051A /* Resources */,
			);
			buildRules = (
			);
			dependencies = (
				A57F636024921BF10083051A /* PBXTargetDependency */,
			);
			name = SignUpTests;
			productName = SignUpTests;
			productReference = A57F635A24921BF10083051A /* SignUpTests.xctest */;
			productType = "com.apple.product-type.bundle.unit-test";
		};
/* End PBXNativeTarget section */

/* Begin PBXProject section */
		A51A1D4E248F26C1005262DF /* Project object */ = {
			isa = PBXProject;
			attributes = {
				LastSwiftUpdateCheck = 1150;
				LastUpgradeCheck = 1150;
				ORGANIZATIONNAME = "신한섭";
				TargetAttributes = {
					A51A1D55248F26C1005262DF = {
						CreatedOnToolsVersion = 11.5;
					};
					A57F635924921BF10083051A = {
						CreatedOnToolsVersion = 11.5;
						TestTargetID = A51A1D55248F26C1005262DF;
					};
				};
			};
			buildConfigurationList = A51A1D51248F26C1005262DF /* Build configuration list for PBXProject "IssueTracker" */;
			compatibilityVersion = "Xcode 9.3";
			developmentRegion = en;
			hasScannedForEncodings = 0;
			knownRegions = (
				en,
				Base,
			);
			mainGroup = A51A1D4D248F26C1005262DF;
			packageReferences = (
				44848016249243C6007AEFEC /* XCRemoteSwiftPackageReference "Alamofire" */,
			);
			productRefGroup = A51A1D57248F26C1005262DF /* Products */;
			projectDirPath = "";
			projectRoot = "";
			targets = (
				A51A1D55248F26C1005262DF /* IssueTracker */,
				A57F635924921BF10083051A /* SignUpTests */,
			);
		};
/* End PBXProject section */

/* Begin PBXResourcesBuildPhase section */
		A51A1D54248F26C1005262DF /* Resources */ = {
			isa = PBXResourcesBuildPhase;
			buildActionMask = 2147483647;
			files = (
				A51A1D66248F26C3005262DF /* LaunchScreen.storyboard in Resources */,
				A51A1D63248F26C3005262DF /* Assets.xcassets in Resources */,
				A51A1D61248F26C1005262DF /* Main.storyboard in Resources */,
			);
			runOnlyForDeploymentPostprocessing = 0;
		};
		A57F635824921BF10083051A /* Resources */ = {
			isa = PBXResourcesBuildPhase;
			buildActionMask = 2147483647;
			files = (
			);
			runOnlyForDeploymentPostprocessing = 0;
		};
/* End PBXResourcesBuildPhase section */

/* Begin PBXSourcesBuildPhase section */
		A51A1D52248F26C1005262DF /* Sources */ = {
			isa = PBXSourcesBuildPhase;
			buildActionMask = 2147483647;
			files = (
				A5BC41D92491F37800F094CF /* NetworkManager.swift in Sources */,
				A513C51124979B8A00818C04 /* Issue.swift in Sources */,
				445BD24B2498F3F000DBC485 /* DateFormatterExtension.swift in Sources */,
				443DE7F224939B9C00308A7B /* SignUpUseCase.swift in Sources */,
				444BAF3524A0E82D005431EB /* DetailIssueUseCase.swift in Sources */,
				A516C5E02495287B008D3DF2 /* LabelLayout.swift in Sources */,
				445BD2472498A3B300DBC485 /* IssueViewModel.swift in Sources */,
				44238C75249B792F00DCE83A /* DetailIssueViewController.swift in Sources */,
				A51A1D6F248F3004005262DF /* BorderView.swift in Sources */,
				A516C5D824952285008D3DF2 /* IssueTableViewCell.swift in Sources */,
				444CD62A24A0ADE4003767FE /* DetailIssueCollectionViewDataSource.swift in Sources */,
				A5BC41DC2491F48600F094CF /* UIViewControllerExtension.swift in Sources */,
				A5BC41D724911A7100F094CF /* OAuthManager.swift in Sources */,
				445BD2492498E93100DBC485 /* IssueNetworkingComponents.swift in Sources */,
				A513C5152497B54400818C04 /* UIColorExtension.swift in Sources */,
				443DE7EE24939AF900308A7B /* ResponseComponents.swift in Sources */,
				443DE7F024939B1200308A7B /* RequestComponents.swift in Sources */,
				4484801A24925D88007AEFEC /* SignUpResponse.swift in Sources */,
				A57F6366249261710083051A /* UserCertification.swift in Sources */,
				A51A1D5E248F26C1005262DF /* LoginViewController.swift in Sources */,
				A5BC41D32491163C00F094CF /* EndPoint.swift in Sources */,
				A51A1D5A248F26C1005262DF /* AppDelegate.swift in Sources */,
				A57F6368249262580083051A /* SignInResponse.swift in Sources */,
				A57F63552492154A0083051A /* SignUpViewModel.swift in Sources */,
				A5012D142494F3670027E192 /* BorderLabel.swift in Sources */,
				443DE7EB24935F6F00308A7B /* SignInInfo.swift in Sources */,
				A54A873E248FB98F00A81604 /* Dynamic.swift in Sources */,
				A57F636B249264670083051A /* IssueListViewController.swift in Sources */,
				4484801524920527007AEFEC /* SignUpViewController.swift in Sources */,
				44E5CEA8248F56E9001A46AE /* InputStackView.swift in Sources */,
				A516C5DE2495277D008D3DF2 /* IssueTableViewDataSource.swift in Sources */,
				444CD62824A0AC57003767FE /* DetailIssueCollectionViewCell.swift in Sources */,
				A516C5DA249524EC008D3DF2 /* LabelCollectionViewCell.swift in Sources */,
				A51ACB10249A55CB004C0447 /* AppleLoginCertification.swift in Sources */,
				A54A873B248F7F3000A81604 /* SignInViewModel.swift in Sources */,
				443DE7E924935E4E00308A7B /* SignUpInfo.swift in Sources */,
				445BD24D2498F40400DBC485 /* CalendarExtension.swift in Sources */,
				A516C5DC24952658008D3DF2 /* LabelCollectionViewDataSource.swift in Sources */,
				A5B1AA3A249C98AB008B166F /* SettingViewController.swift in Sources */,
				A5B1AA3C249C9AB1008B166F /* TokenDecoder.swift in Sources */,
				A51A1D71248F383D005262DF /* BorderButton.swift in Sources */,
				A51A1D5C248F26C1005262DF /* SceneDelegate.swift in Sources */,
				443DE7F42493A70800308A7B /* SignInUseCase.swift in Sources */,
				A513C51324979CBC00818C04 /* IssueListUseCase.swift in Sources */,
				444BAF3324A0D6A1005431EB /* IssueInfo.swift in Sources */,
			);
			runOnlyForDeploymentPostprocessing = 0;
		};
		A57F635624921BF10083051A /* Sources */ = {
			isa = PBXSourcesBuildPhase;
			buildActionMask = 2147483647;
			files = (
				A57F635D24921BF10083051A /* SignUpTests.swift in Sources */,
			);
			runOnlyForDeploymentPostprocessing = 0;
		};
/* End PBXSourcesBuildPhase section */

/* Begin PBXTargetDependency section */
		A57F636024921BF10083051A /* PBXTargetDependency */ = {
			isa = PBXTargetDependency;
			target = A51A1D55248F26C1005262DF /* IssueTracker */;
			targetProxy = A57F635F24921BF10083051A /* PBXContainerItemProxy */;
		};
/* End PBXTargetDependency section */

/* Begin PBXVariantGroup section */
		A51A1D5F248F26C1005262DF /* Main.storyboard */ = {
			isa = PBXVariantGroup;
			children = (
				A51A1D60248F26C1005262DF /* Base */,
			);
			name = Main.storyboard;
			sourceTree = "<group>";
		};
		A51A1D64248F26C3005262DF /* LaunchScreen.storyboard */ = {
			isa = PBXVariantGroup;
			children = (
				A51A1D65248F26C3005262DF /* Base */,
			);
			name = LaunchScreen.storyboard;
			sourceTree = "<group>";
		};
/* End PBXVariantGroup section */

/* Begin XCBuildConfiguration section */
		A51A1D68248F26C3005262DF /* Debug */ = {
			isa = XCBuildConfiguration;
			buildSettings = {
				ALWAYS_SEARCH_USER_PATHS = NO;
				CLANG_ANALYZER_NONNULL = YES;
				CLANG_ANALYZER_NUMBER_OBJECT_CONVERSION = YES_AGGRESSIVE;
				CLANG_CXX_LANGUAGE_STANDARD = "gnu++14";
				CLANG_CXX_LIBRARY = "libc++";
				CLANG_ENABLE_MODULES = YES;
				CLANG_ENABLE_OBJC_ARC = YES;
				CLANG_ENABLE_OBJC_WEAK = YES;
				CLANG_WARN_BLOCK_CAPTURE_AUTORELEASING = YES;
				CLANG_WARN_BOOL_CONVERSION = YES;
				CLANG_WARN_COMMA = YES;
				CLANG_WARN_CONSTANT_CONVERSION = YES;
				CLANG_WARN_DEPRECATED_OBJC_IMPLEMENTATIONS = YES;
				CLANG_WARN_DIRECT_OBJC_ISA_USAGE = YES_ERROR;
				CLANG_WARN_DOCUMENTATION_COMMENTS = YES;
				CLANG_WARN_EMPTY_BODY = YES;
				CLANG_WARN_ENUM_CONVERSION = YES;
				CLANG_WARN_INFINITE_RECURSION = YES;
				CLANG_WARN_INT_CONVERSION = YES;
				CLANG_WARN_NON_LITERAL_NULL_CONVERSION = YES;
				CLANG_WARN_OBJC_IMPLICIT_RETAIN_SELF = YES;
				CLANG_WARN_OBJC_LITERAL_CONVERSION = YES;
				CLANG_WARN_OBJC_ROOT_CLASS = YES_ERROR;
				CLANG_WARN_RANGE_LOOP_ANALYSIS = YES;
				CLANG_WARN_STRICT_PROTOTYPES = YES;
				CLANG_WARN_SUSPICIOUS_MOVE = YES;
				CLANG_WARN_UNGUARDED_AVAILABILITY = YES_AGGRESSIVE;
				CLANG_WARN_UNREACHABLE_CODE = YES;
				CLANG_WARN__DUPLICATE_METHOD_MATCH = YES;
				COPY_PHASE_STRIP = NO;
				DEBUG_INFORMATION_FORMAT = dwarf;
				ENABLE_STRICT_OBJC_MSGSEND = YES;
				ENABLE_TESTABILITY = YES;
				GCC_C_LANGUAGE_STANDARD = gnu11;
				GCC_DYNAMIC_NO_PIC = NO;
				GCC_NO_COMMON_BLOCKS = YES;
				GCC_OPTIMIZATION_LEVEL = 0;
				GCC_PREPROCESSOR_DEFINITIONS = (
					"DEBUG=1",
					"$(inherited)",
				);
				GCC_WARN_64_TO_32_BIT_CONVERSION = YES;
				GCC_WARN_ABOUT_RETURN_TYPE = YES_ERROR;
				GCC_WARN_UNDECLARED_SELECTOR = YES;
				GCC_WARN_UNINITIALIZED_AUTOS = YES_AGGRESSIVE;
				GCC_WARN_UNUSED_FUNCTION = YES;
				GCC_WARN_UNUSED_VARIABLE = YES;
				IPHONEOS_DEPLOYMENT_TARGET = 13.5;
				MTL_ENABLE_DEBUG_INFO = INCLUDE_SOURCE;
				MTL_FAST_MATH = YES;
				ONLY_ACTIVE_ARCH = YES;
				SDKROOT = iphoneos;
				SWIFT_ACTIVE_COMPILATION_CONDITIONS = DEBUG;
				SWIFT_OPTIMIZATION_LEVEL = "-Onone";
			};
			name = Debug;
		};
		A51A1D69248F26C3005262DF /* Release */ = {
			isa = XCBuildConfiguration;
			buildSettings = {
				ALWAYS_SEARCH_USER_PATHS = NO;
				CLANG_ANALYZER_NONNULL = YES;
				CLANG_ANALYZER_NUMBER_OBJECT_CONVERSION = YES_AGGRESSIVE;
				CLANG_CXX_LANGUAGE_STANDARD = "gnu++14";
				CLANG_CXX_LIBRARY = "libc++";
				CLANG_ENABLE_MODULES = YES;
				CLANG_ENABLE_OBJC_ARC = YES;
				CLANG_ENABLE_OBJC_WEAK = YES;
				CLANG_WARN_BLOCK_CAPTURE_AUTORELEASING = YES;
				CLANG_WARN_BOOL_CONVERSION = YES;
				CLANG_WARN_COMMA = YES;
				CLANG_WARN_CONSTANT_CONVERSION = YES;
				CLANG_WARN_DEPRECATED_OBJC_IMPLEMENTATIONS = YES;
				CLANG_WARN_DIRECT_OBJC_ISA_USAGE = YES_ERROR;
				CLANG_WARN_DOCUMENTATION_COMMENTS = YES;
				CLANG_WARN_EMPTY_BODY = YES;
				CLANG_WARN_ENUM_CONVERSION = YES;
				CLANG_WARN_INFINITE_RECURSION = YES;
				CLANG_WARN_INT_CONVERSION = YES;
				CLANG_WARN_NON_LITERAL_NULL_CONVERSION = YES;
				CLANG_WARN_OBJC_IMPLICIT_RETAIN_SELF = YES;
				CLANG_WARN_OBJC_LITERAL_CONVERSION = YES;
				CLANG_WARN_OBJC_ROOT_CLASS = YES_ERROR;
				CLANG_WARN_RANGE_LOOP_ANALYSIS = YES;
				CLANG_WARN_STRICT_PROTOTYPES = YES;
				CLANG_WARN_SUSPICIOUS_MOVE = YES;
				CLANG_WARN_UNGUARDED_AVAILABILITY = YES_AGGRESSIVE;
				CLANG_WARN_UNREACHABLE_CODE = YES;
				CLANG_WARN__DUPLICATE_METHOD_MATCH = YES;
				COPY_PHASE_STRIP = NO;
				DEBUG_INFORMATION_FORMAT = "dwarf-with-dsym";
				ENABLE_NS_ASSERTIONS = NO;
				ENABLE_STRICT_OBJC_MSGSEND = YES;
				GCC_C_LANGUAGE_STANDARD = gnu11;
				GCC_NO_COMMON_BLOCKS = YES;
				GCC_WARN_64_TO_32_BIT_CONVERSION = YES;
				GCC_WARN_ABOUT_RETURN_TYPE = YES_ERROR;
				GCC_WARN_UNDECLARED_SELECTOR = YES;
				GCC_WARN_UNINITIALIZED_AUTOS = YES_AGGRESSIVE;
				GCC_WARN_UNUSED_FUNCTION = YES;
				GCC_WARN_UNUSED_VARIABLE = YES;
				IPHONEOS_DEPLOYMENT_TARGET = 13.5;
				MTL_ENABLE_DEBUG_INFO = NO;
				MTL_FAST_MATH = YES;
				SDKROOT = iphoneos;
				SWIFT_COMPILATION_MODE = wholemodule;
				SWIFT_OPTIMIZATION_LEVEL = "-O";
				VALIDATE_PRODUCT = YES;
			};
			name = Release;
		};
		A51A1D6B248F26C3005262DF /* Debug */ = {
			isa = XCBuildConfiguration;
			buildSettings = {
				ASSETCATALOG_COMPILER_APPICON_NAME = AppIcon;
				CODE_SIGN_ENTITLEMENTS = IssueTracker/IssueTracker.entitlements;
				CODE_SIGN_STYLE = Automatic;
				DEVELOPMENT_TEAM = B3PWYBKFUK;
				INFOPLIST_FILE = IssueTracker/Info.plist;
				LD_RUNPATH_SEARCH_PATHS = (
					"$(inherited)",
					"@executable_path/Frameworks",
				);
				PRODUCT_BUNDLE_IDENTIFIER = hanseop.IssueTracker;
				PRODUCT_NAME = "$(TARGET_NAME)";
				SWIFT_VERSION = 5.0;
				TARGETED_DEVICE_FAMILY = "1,2";
			};
			name = Debug;
		};
		A51A1D6C248F26C3005262DF /* Release */ = {
			isa = XCBuildConfiguration;
			buildSettings = {
				ASSETCATALOG_COMPILER_APPICON_NAME = AppIcon;
				CODE_SIGN_ENTITLEMENTS = IssueTracker/IssueTracker.entitlements;
				CODE_SIGN_STYLE = Automatic;
				DEVELOPMENT_TEAM = B3PWYBKFUK;
				INFOPLIST_FILE = IssueTracker/Info.plist;
				LD_RUNPATH_SEARCH_PATHS = (
					"$(inherited)",
					"@executable_path/Frameworks",
				);
				PRODUCT_BUNDLE_IDENTIFIER = hanseop.IssueTracker;
				PRODUCT_NAME = "$(TARGET_NAME)";
				SWIFT_VERSION = 5.0;
				TARGETED_DEVICE_FAMILY = "1,2";
			};
			name = Release;
		};
		A57F636224921BF10083051A /* Debug */ = {
			isa = XCBuildConfiguration;
			buildSettings = {
				BUNDLE_LOADER = "$(TEST_HOST)";
				CODE_SIGN_STYLE = Automatic;
				DEVELOPMENT_TEAM = B3PWYBKFUK;
				INFOPLIST_FILE = SignUpTests/Info.plist;
				LD_RUNPATH_SEARCH_PATHS = (
					"$(inherited)",
					"@executable_path/Frameworks",
					"@loader_path/Frameworks",
				);
				PRODUCT_BUNDLE_IDENTIFIER = hanseop.SignUpTests;
				PRODUCT_NAME = "$(TARGET_NAME)";
				SWIFT_VERSION = 5.0;
				TARGETED_DEVICE_FAMILY = "1,2";
				TEST_HOST = "$(BUILT_PRODUCTS_DIR)/IssueTracker.app/IssueTracker";
			};
			name = Debug;
		};
		A57F636324921BF10083051A /* Release */ = {
			isa = XCBuildConfiguration;
			buildSettings = {
				BUNDLE_LOADER = "$(TEST_HOST)";
				CODE_SIGN_STYLE = Automatic;
				DEVELOPMENT_TEAM = B3PWYBKFUK;
				INFOPLIST_FILE = SignUpTests/Info.plist;
				LD_RUNPATH_SEARCH_PATHS = (
					"$(inherited)",
					"@executable_path/Frameworks",
					"@loader_path/Frameworks",
				);
				PRODUCT_BUNDLE_IDENTIFIER = hanseop.SignUpTests;
				PRODUCT_NAME = "$(TARGET_NAME)";
				SWIFT_VERSION = 5.0;
				TARGETED_DEVICE_FAMILY = "1,2";
				TEST_HOST = "$(BUILT_PRODUCTS_DIR)/IssueTracker.app/IssueTracker";
			};
			name = Release;
		};
/* End XCBuildConfiguration section */

/* Begin XCConfigurationList section */
		A51A1D51248F26C1005262DF /* Build configuration list for PBXProject "IssueTracker" */ = {
			isa = XCConfigurationList;
			buildConfigurations = (
				A51A1D68248F26C3005262DF /* Debug */,
				A51A1D69248F26C3005262DF /* Release */,
			);
			defaultConfigurationIsVisible = 0;
			defaultConfigurationName = Release;
		};
		A51A1D6A248F26C3005262DF /* Build configuration list for PBXNativeTarget "IssueTracker" */ = {
			isa = XCConfigurationList;
			buildConfigurations = (
				A51A1D6B248F26C3005262DF /* Debug */,
				A51A1D6C248F26C3005262DF /* Release */,
			);
			defaultConfigurationIsVisible = 0;
			defaultConfigurationName = Release;
		};
		A57F636124921BF10083051A /* Build configuration list for PBXNativeTarget "SignUpTests" */ = {
			isa = XCConfigurationList;
			buildConfigurations = (
				A57F636224921BF10083051A /* Debug */,
				A57F636324921BF10083051A /* Release */,
			);
			defaultConfigurationIsVisible = 0;
			defaultConfigurationName = Release;
		};
/* End XCConfigurationList section */

/* Begin XCRemoteSwiftPackageReference section */
		44848016249243C6007AEFEC /* XCRemoteSwiftPackageReference "Alamofire" */ = {
			isa = XCRemoteSwiftPackageReference;
			repositoryURL = "https://github.com/Alamofire/Alamofire.git";
			requirement = {
				kind = upToNextMajorVersion;
				minimumVersion = 5.2.1;
			};
		};
/* End XCRemoteSwiftPackageReference section */

/* Begin XCSwiftPackageProductDependency section */
		44848017249243C6007AEFEC /* Alamofire */ = {
			isa = XCSwiftPackageProductDependency;
			package = 44848016249243C6007AEFEC /* XCRemoteSwiftPackageReference "Alamofire" */;
			productName = Alamofire;
		};
/* End XCSwiftPackageProductDependency section */
	};
	rootObject = A51A1D4E248F26C1005262DF /* Project object */;
}
